
Microsoft Visual Studio Solution File, Format Version 12.00
# Visual Studio Version 17
VisualStudioVersion = 17.0.31903.59
MinimumVisualStudioVersion = 10.0.40219.1
Project("{FAE04EC0-301F-11D3-BF4B-00C04F79EFBC}") = "BootcampFmx", "BootcampFmx\BootcampFmx.csproj", "{5088FCAF-DA7D-4402-B19C-0B6D16A98ED6}"
EndProject
Project("{FAE04EC0-301F-11D3-BF4B-00C04F79EFBC}") = "LogicExercise1", "LogicExercise1\LogicExercise1.csproj", "{5A80E012-CDE9-41A2-A592-0991DC4A1245}"
EndProject
Project("{FAE04EC0-301F-11D3-BF4B-00C04F79EFBC}") = "Test1", "Test1\Test1.csproj", "{8102AA09-6D43-4DAF-AF02-2BE70AD1864D}"
EndProject
Project("{FAE04EC0-301F-11D3-BF4B-00C04F79EFBC}") = "VariableParameters", "VariableParameters\VariableParameters.csproj", "{4E530174-11A7-41A8-95CA-AACF77CEFF76}"
EndProject
Project("{FAE04EC0-301F-11D3-BF4B-00C04F79EFBC}") = "IterationStatement", "IterationStatement\IterationStatement.csproj", "{76D102F1-ACD7-43B8-8BC8-2745F3B5780B}"
EndProject
Project("{FAE04EC0-301F-11D3-BF4B-00C04F79EFBC}") = "CreatingTypes", "CreatingTypes\CreatingTypes.csproj", "{C433BD23-FDC6-4F1D-8AC2-7D594E68B37E}"
EndProject
Project("{2150E333-8FDC-42A3-9474-1A3956D46DE8}") = "CreatingTypesC#", "CreatingTypesC#", "{2BFB6A32-9EE4-4657-B606-9FD63833D39B}"
EndProject
Project("{FAE04EC0-301F-11D3-BF4B-00C04F79EFBC}") = "Classes", "CreatingTypesC#\Classes\Classes.csproj", "{36D40498-43C8-4C93-A078-8AB9B24DA392}"
EndProject
Project("{FAE04EC0-301F-11D3-BF4B-00C04F79EFBC}") = "Struct", "CreatingTypesC#\Struct\Struct.csproj", "{60C0F3EF-AF8E-4C40-87B4-F6C18F2CC78C}"
EndProject
Project("{FAE04EC0-301F-11D3-BF4B-00C04F79EFBC}") = "Interfaces", "CreatingTypesC#\Interfaces\Interfaces.csproj", "{7C0F74D4-114C-44F6-B232-EBBF6256E24A}"
EndProject
Project("{FAE04EC0-301F-11D3-BF4B-00C04F79EFBC}") = "Enumeration", "CreatingTypesC#\Enumeration\Enumeration.csproj", "{F5FE8D50-9966-44FB-A78C-D38D5AB20540}"
EndProject
Project("{FAE04EC0-301F-11D3-BF4B-00C04F79EFBC}") = "Generic", "CreatingTypesC#\Generic\Generic.csproj", "{E81004CC-C873-41AF-A48D-7CD5A621BFA3}"
EndProject
Project("{FAE04EC0-301F-11D3-BF4B-00C04F79EFBC}") = "AdvancedC#", "AdvancedC#\AdvancedC#.csproj", "{0E125AE1-8B06-4D58-9A4D-AE14EA8FF557}"
EndProject
Project("{2150E333-8FDC-42A3-9474-1A3956D46DE8}") = "AdvancedC#", "AdvancedC#", "{A1CD4C66-7E22-42DD-A7C3-CE9610F6EE5C}"
EndProject
Project("{FAE04EC0-301F-11D3-BF4B-00C04F79EFBC}") = "Delegates", "AdvancedC#\Delegates\Delegates.csproj", "{B9731AAB-7B9C-43FB-951E-2CEAA92F2F52}"
EndProject
Project("{FAE04EC0-301F-11D3-BF4B-00C04F79EFBC}") = "Delegates", "Delegates\Delegates.csproj", "{0A8DB73D-29A0-4C5A-B4DE-5B7911027CC0}"
EndProject
Project("{FAE04EC0-301F-11D3-BF4B-00C04F79EFBC}") = "Events", "AdvancedC#\Events\Events.csproj", "{820CE5C6-B21D-45BD-90D9-BF7EBE60D5D9}"
EndProject
Project("{FAE04EC0-301F-11D3-BF4B-00C04F79EFBC}") = "EnumIter", "AdvancedC#\EnumIter\EnumIter.csproj", "{85FADA00-39EB-4A39-BE04-E203702B7226}"
EndProject
Project("{FAE04EC0-301F-11D3-BF4B-00C04F79EFBC}") = "NullableTypes", "AdvancedC#\NullableTypes\NullableTypes.csproj", "{30C8B0E9-62FE-4527-AE7E-7FC6DBAFE79E}"
EndProject
Project("{2150E333-8FDC-42A3-9474-1A3956D46DE8}") = "FrameworkFundamentals", "FrameworkFundamentals", "{741F1810-A171-4274-907E-77ED8F7C77FA}"
EndProject
Project("{FAE04EC0-301F-11D3-BF4B-00C04F79EFBC}") = "StringTextHandle", "FrameworkFundamentals\StringTextHandle\StringTextHandle.csproj", "{2E781CA3-1010-4A71-86BD-7E7F7F22578F}"
EndProject
Project("{FAE04EC0-301F-11D3-BF4B-00C04F79EFBC}") = "TImeSpanDateTIme", "FrameworkFundamentals\TImeSpanDateTIme\TImeSpanDateTIme.csproj", "{6BFE8D7A-0EDC-4586-A074-D6C7551B0747}"
EndProject
Project("{2150E333-8FDC-42A3-9474-1A3956D46DE8}") = "DisposalGarbageCollection", "DisposalGarbageCollection", "{42C06EBE-57FD-8FA9-20DB-66D534E85493}"
EndProject
Project("{FAE04EC0-301F-11D3-BF4B-00C04F79EFBC}") = "Disposable", "DisposalGarbageCollection\Disposable\Disposable.csproj", "{24F974C1-F7A1-411E-896D-E172D8D75C56}"
EndProject
Project("{FAE04EC0-301F-11D3-BF4B-00C04F79EFBC}") = "AutomaticCollection", "DisposalGarbageCollection\AutomaticCollection\AutomaticCollection.csproj", "{C9EF3ADF-7255-41C1-AE98-A608340F327C}"
EndProject
Project("{FAE04EC0-301F-11D3-BF4B-00C04F79EFBC}") = "FInalizers", "DisposalGarbageCollection\FInalizers\FInalizers.csproj", "{BF98C870-C4CD-4702-B780-C02207F68DFB}"
EndProject
Project("{FAE04EC0-301F-11D3-BF4B-00C04F79EFBC}") = "GCWorks", "DisposalGarbageCollection\GCWorks\GCWorks.csproj", "{C45F080D-2D19-446C-9B70-267D83ABC5E2}"
EndProject
Project("{FAE04EC0-301F-11D3-BF4B-00C04F79EFBC}") = "ManagedMemoryLeaks", "DisposalGarbageCollection\ManagedMemoryLeaks\ManagedMemoryLeaks.csproj", "{27D64183-085D-4B96-9024-90EE075B8EDD}"
EndProject
Project("{FAE04EC0-301F-11D3-BF4B-00C04F79EFBC}") = "WeakReferences", "DisposalGarbageCollection\WeakReferences\WeakReferences.csproj", "{C5A1A36A-C5F0-49A9-9D10-6F591B7E5960}"
EndProject
Global
	GlobalSection(SolutionConfigurationPlatforms) = preSolution
		Debug|Any CPU = Debug|Any CPU
		Debug|x64 = Debug|x64
		Debug|x86 = Debug|x86
		Release|Any CPU = Release|Any CPU
		Release|x64 = Release|x64
		Release|x86 = Release|x86
	EndGlobalSection
	GlobalSection(ProjectConfigurationPlatforms) = postSolution
		{5088FCAF-DA7D-4402-B19C-0B6D16A98ED6}.Debug|Any CPU.ActiveCfg = Debug|Any CPU
		{5088FCAF-DA7D-4402-B19C-0B6D16A98ED6}.Debug|Any CPU.Build.0 = Debug|Any CPU
		{5088FCAF-DA7D-4402-B19C-0B6D16A98ED6}.Debug|x64.ActiveCfg = Debug|Any CPU
		{5088FCAF-DA7D-4402-B19C-0B6D16A98ED6}.Debug|x64.Build.0 = Debug|Any CPU
		{5088FCAF-DA7D-4402-B19C-0B6D16A98ED6}.Debug|x86.ActiveCfg = Debug|Any CPU
		{5088FCAF-DA7D-4402-B19C-0B6D16A98ED6}.Debug|x86.Build.0 = Debug|Any CPU
		{5088FCAF-DA7D-4402-B19C-0B6D16A98ED6}.Release|Any CPU.ActiveCfg = Release|Any CPU
		{5088FCAF-DA7D-4402-B19C-0B6D16A98ED6}.Release|Any CPU.Build.0 = Release|Any CPU
		{5088FCAF-DA7D-4402-B19C-0B6D16A98ED6}.Release|x64.ActiveCfg = Release|Any CPU
		{5088FCAF-DA7D-4402-B19C-0B6D16A98ED6}.Release|x64.Build.0 = Release|Any CPU
		{5088FCAF-DA7D-4402-B19C-0B6D16A98ED6}.Release|x86.ActiveCfg = Release|Any CPU
		{5088FCAF-DA7D-4402-B19C-0B6D16A98ED6}.Release|x86.Build.0 = Release|Any CPU
		{5A80E012-CDE9-41A2-A592-0991DC4A1245}.Debug|Any CPU.ActiveCfg = Debug|Any CPU
		{5A80E012-CDE9-41A2-A592-0991DC4A1245}.Debug|Any CPU.Build.0 = Debug|Any CPU
		{5A80E012-CDE9-41A2-A592-0991DC4A1245}.Debug|x64.ActiveCfg = Debug|Any CPU
		{5A80E012-CDE9-41A2-A592-0991DC4A1245}.Debug|x64.Build.0 = Debug|Any CPU
		{5A80E012-CDE9-41A2-A592-0991DC4A1245}.Debug|x86.ActiveCfg = Debug|Any CPU
		{5A80E012-CDE9-41A2-A592-0991DC4A1245}.Debug|x86.Build.0 = Debug|Any CPU
		{5A80E012-CDE9-41A2-A592-0991DC4A1245}.Release|Any CPU.ActiveCfg = Release|Any CPU
		{5A80E012-CDE9-41A2-A592-0991DC4A1245}.Release|Any CPU.Build.0 = Release|Any CPU
		{5A80E012-CDE9-41A2-A592-0991DC4A1245}.Release|x64.ActiveCfg = Release|Any CPU
		{5A80E012-CDE9-41A2-A592-0991DC4A1245}.Release|x64.Build.0 = Release|Any CPU
		{5A80E012-CDE9-41A2-A592-0991DC4A1245}.Release|x86.ActiveCfg = Release|Any CPU
		{5A80E012-CDE9-41A2-A592-0991DC4A1245}.Release|x86.Build.0 = Release|Any CPU
		{8102AA09-6D43-4DAF-AF02-2BE70AD1864D}.Debug|Any CPU.ActiveCfg = Debug|Any CPU
		{8102AA09-6D43-4DAF-AF02-2BE70AD1864D}.Debug|Any CPU.Build.0 = Debug|Any CPU
		{8102AA09-6D43-4DAF-AF02-2BE70AD1864D}.Debug|x64.ActiveCfg = Debug|Any CPU
		{8102AA09-6D43-4DAF-AF02-2BE70AD1864D}.Debug|x64.Build.0 = Debug|Any CPU
		{8102AA09-6D43-4DAF-AF02-2BE70AD1864D}.Debug|x86.ActiveCfg = Debug|Any CPU
		{8102AA09-6D43-4DAF-AF02-2BE70AD1864D}.Debug|x86.Build.0 = Debug|Any CPU
		{8102AA09-6D43-4DAF-AF02-2BE70AD1864D}.Release|Any CPU.ActiveCfg = Release|Any CPU
		{8102AA09-6D43-4DAF-AF02-2BE70AD1864D}.Release|Any CPU.Build.0 = Release|Any CPU
		{8102AA09-6D43-4DAF-AF02-2BE70AD1864D}.Release|x64.ActiveCfg = Release|Any CPU
		{8102AA09-6D43-4DAF-AF02-2BE70AD1864D}.Release|x64.Build.0 = Release|Any CPU
		{8102AA09-6D43-4DAF-AF02-2BE70AD1864D}.Release|x86.ActiveCfg = Release|Any CPU
		{8102AA09-6D43-4DAF-AF02-2BE70AD1864D}.Release|x86.Build.0 = Release|Any CPU
		{4E530174-11A7-41A8-95CA-AACF77CEFF76}.Debug|Any CPU.ActiveCfg = Debug|Any CPU
		{4E530174-11A7-41A8-95CA-AACF77CEFF76}.Debug|Any CPU.Build.0 = Debug|Any CPU
		{4E530174-11A7-41A8-95CA-AACF77CEFF76}.Debug|x64.ActiveCfg = Debug|Any CPU
		{4E530174-11A7-41A8-95CA-AACF77CEFF76}.Debug|x64.Build.0 = Debug|Any CPU
		{4E530174-11A7-41A8-95CA-AACF77CEFF76}.Debug|x86.ActiveCfg = Debug|Any CPU
		{4E530174-11A7-41A8-95CA-AACF77CEFF76}.Debug|x86.Build.0 = Debug|Any CPU
		{4E530174-11A7-41A8-95CA-AACF77CEFF76}.Release|Any CPU.ActiveCfg = Release|Any CPU
		{4E530174-11A7-41A8-95CA-AACF77CEFF76}.Release|Any CPU.Build.0 = Release|Any CPU
		{4E530174-11A7-41A8-95CA-AACF77CEFF76}.Release|x64.ActiveCfg = Release|Any CPU
		{4E530174-11A7-41A8-95CA-AACF77CEFF76}.Release|x64.Build.0 = Release|Any CPU
		{4E530174-11A7-41A8-95CA-AACF77CEFF76}.Release|x86.ActiveCfg = Release|Any CPU
		{4E530174-11A7-41A8-95CA-AACF77CEFF76}.Release|x86.Build.0 = Release|Any CPU
		{76D102F1-ACD7-43B8-8BC8-2745F3B5780B}.Debug|Any CPU.ActiveCfg = Debug|Any CPU
		{76D102F1-ACD7-43B8-8BC8-2745F3B5780B}.Debug|Any CPU.Build.0 = Debug|Any CPU
		{76D102F1-ACD7-43B8-8BC8-2745F3B5780B}.Debug|x64.ActiveCfg = Debug|Any CPU
		{76D102F1-ACD7-43B8-8BC8-2745F3B5780B}.Debug|x64.Build.0 = Debug|Any CPU
		{76D102F1-ACD7-43B8-8BC8-2745F3B5780B}.Debug|x86.ActiveCfg = Debug|Any CPU
		{76D102F1-ACD7-43B8-8BC8-2745F3B5780B}.Debug|x86.Build.0 = Debug|Any CPU
		{76D102F1-ACD7-43B8-8BC8-2745F3B5780B}.Release|Any CPU.ActiveCfg = Release|Any CPU
		{76D102F1-ACD7-43B8-8BC8-2745F3B5780B}.Release|Any CPU.Build.0 = Release|Any CPU
		{76D102F1-ACD7-43B8-8BC8-2745F3B5780B}.Release|x64.ActiveCfg = Release|Any CPU
		{76D102F1-ACD7-43B8-8BC8-2745F3B5780B}.Release|x64.Build.0 = Release|Any CPU
		{76D102F1-ACD7-43B8-8BC8-2745F3B5780B}.Release|x86.ActiveCfg = Release|Any CPU
		{76D102F1-ACD7-43B8-8BC8-2745F3B5780B}.Release|x86.Build.0 = Release|Any CPU
		{C433BD23-FDC6-4F1D-8AC2-7D594E68B37E}.Debug|Any CPU.ActiveCfg = Debug|Any CPU
		{C433BD23-FDC6-4F1D-8AC2-7D594E68B37E}.Debug|Any CPU.Build.0 = Debug|Any CPU
		{C433BD23-FDC6-4F1D-8AC2-7D594E68B37E}.Debug|x64.ActiveCfg = Debug|Any CPU
		{C433BD23-FDC6-4F1D-8AC2-7D594E68B37E}.Debug|x64.Build.0 = Debug|Any CPU
		{C433BD23-FDC6-4F1D-8AC2-7D594E68B37E}.Debug|x86.ActiveCfg = Debug|Any CPU
		{C433BD23-FDC6-4F1D-8AC2-7D594E68B37E}.Debug|x86.Build.0 = Debug|Any CPU
		{C433BD23-FDC6-4F1D-8AC2-7D594E68B37E}.Release|Any CPU.ActiveCfg = Release|Any CPU
		{C433BD23-FDC6-4F1D-8AC2-7D594E68B37E}.Release|Any CPU.Build.0 = Release|Any CPU
		{C433BD23-FDC6-4F1D-8AC2-7D594E68B37E}.Release|x64.ActiveCfg = Release|Any CPU
		{C433BD23-FDC6-4F1D-8AC2-7D594E68B37E}.Release|x64.Build.0 = Release|Any CPU
		{C433BD23-FDC6-4F1D-8AC2-7D594E68B37E}.Release|x86.ActiveCfg = Release|Any CPU
		{C433BD23-FDC6-4F1D-8AC2-7D594E68B37E}.Release|x86.Build.0 = Release|Any CPU
		{36D40498-43C8-4C93-A078-8AB9B24DA392}.Debug|Any CPU.ActiveCfg = Debug|Any CPU
		{36D40498-43C8-4C93-A078-8AB9B24DA392}.Debug|Any CPU.Build.0 = Debug|Any CPU
		{36D40498-43C8-4C93-A078-8AB9B24DA392}.Debug|x64.ActiveCfg = Debug|Any CPU
		{36D40498-43C8-4C93-A078-8AB9B24DA392}.Debug|x64.Build.0 = Debug|Any CPU
		{36D40498-43C8-4C93-A078-8AB9B24DA392}.Debug|x86.ActiveCfg = Debug|Any CPU
		{36D40498-43C8-4C93-A078-8AB9B24DA392}.Debug|x86.Build.0 = Debug|Any CPU
		{36D40498-43C8-4C93-A078-8AB9B24DA392}.Release|Any CPU.ActiveCfg = Release|Any CPU
		{36D40498-43C8-4C93-A078-8AB9B24DA392}.Release|Any CPU.Build.0 = Release|Any CPU
		{36D40498-43C8-4C93-A078-8AB9B24DA392}.Release|x64.ActiveCfg = Release|Any CPU
		{36D40498-43C8-4C93-A078-8AB9B24DA392}.Release|x64.Build.0 = Release|Any CPU
		{36D40498-43C8-4C93-A078-8AB9B24DA392}.Release|x86.ActiveCfg = Release|Any CPU
		{36D40498-43C8-4C93-A078-8AB9B24DA392}.Release|x86.Build.0 = Release|Any CPU
		{60C0F3EF-AF8E-4C40-87B4-F6C18F2CC78C}.Debug|Any CPU.ActiveCfg = Debug|Any CPU
		{60C0F3EF-AF8E-4C40-87B4-F6C18F2CC78C}.Debug|Any CPU.Build.0 = Debug|Any CPU
		{60C0F3EF-AF8E-4C40-87B4-F6C18F2CC78C}.Debug|x64.ActiveCfg = Debug|Any CPU
		{60C0F3EF-AF8E-4C40-87B4-F6C18F2CC78C}.Debug|x64.Build.0 = Debug|Any CPU
		{60C0F3EF-AF8E-4C40-87B4-F6C18F2CC78C}.Debug|x86.ActiveCfg = Debug|Any CPU
		{60C0F3EF-AF8E-4C40-87B4-F6C18F2CC78C}.Debug|x86.Build.0 = Debug|Any CPU
		{60C0F3EF-AF8E-4C40-87B4-F6C18F2CC78C}.Release|Any CPU.ActiveCfg = Release|Any CPU
		{60C0F3EF-AF8E-4C40-87B4-F6C18F2CC78C}.Release|Any CPU.Build.0 = Release|Any CPU
		{60C0F3EF-AF8E-4C40-87B4-F6C18F2CC78C}.Release|x64.ActiveCfg = Release|Any CPU
		{60C0F3EF-AF8E-4C40-87B4-F6C18F2CC78C}.Release|x64.Build.0 = Release|Any CPU
		{60C0F3EF-AF8E-4C40-87B4-F6C18F2CC78C}.Release|x86.ActiveCfg = Release|Any CPU
		{60C0F3EF-AF8E-4C40-87B4-F6C18F2CC78C}.Release|x86.Build.0 = Release|Any CPU
		{7C0F74D4-114C-44F6-B232-EBBF6256E24A}.Debug|Any CPU.ActiveCfg = Debug|Any CPU
		{7C0F74D4-114C-44F6-B232-EBBF6256E24A}.Debug|Any CPU.Build.0 = Debug|Any CPU
		{7C0F74D4-114C-44F6-B232-EBBF6256E24A}.Debug|x64.ActiveCfg = Debug|Any CPU
		{7C0F74D4-114C-44F6-B232-EBBF6256E24A}.Debug|x64.Build.0 = Debug|Any CPU
		{7C0F74D4-114C-44F6-B232-EBBF6256E24A}.Debug|x86.ActiveCfg = Debug|Any CPU
		{7C0F74D4-114C-44F6-B232-EBBF6256E24A}.Debug|x86.Build.0 = Debug|Any CPU
		{7C0F74D4-114C-44F6-B232-EBBF6256E24A}.Release|Any CPU.ActiveCfg = Release|Any CPU
		{7C0F74D4-114C-44F6-B232-EBBF6256E24A}.Release|Any CPU.Build.0 = Release|Any CPU
		{7C0F74D4-114C-44F6-B232-EBBF6256E24A}.Release|x64.ActiveCfg = Release|Any CPU
		{7C0F74D4-114C-44F6-B232-EBBF6256E24A}.Release|x64.Build.0 = Release|Any CPU
		{7C0F74D4-114C-44F6-B232-EBBF6256E24A}.Release|x86.ActiveCfg = Release|Any CPU
		{7C0F74D4-114C-44F6-B232-EBBF6256E24A}.Release|x86.Build.0 = Release|Any CPU
		{F5FE8D50-9966-44FB-A78C-D38D5AB20540}.Debug|Any CPU.ActiveCfg = Debug|Any CPU
		{F5FE8D50-9966-44FB-A78C-D38D5AB20540}.Debug|Any CPU.Build.0 = Debug|Any CPU
		{F5FE8D50-9966-44FB-A78C-D38D5AB20540}.Debug|x64.ActiveCfg = Debug|Any CPU
		{F5FE8D50-9966-44FB-A78C-D38D5AB20540}.Debug|x64.Build.0 = Debug|Any CPU
		{F5FE8D50-9966-44FB-A78C-D38D5AB20540}.Debug|x86.ActiveCfg = Debug|Any CPU
		{F5FE8D50-9966-44FB-A78C-D38D5AB20540}.Debug|x86.Build.0 = Debug|Any CPU
		{F5FE8D50-9966-44FB-A78C-D38D5AB20540}.Release|Any CPU.ActiveCfg = Release|Any CPU
		{F5FE8D50-9966-44FB-A78C-D38D5AB20540}.Release|Any CPU.Build.0 = Release|Any CPU
		{F5FE8D50-9966-44FB-A78C-D38D5AB20540}.Release|x64.ActiveCfg = Release|Any CPU
		{F5FE8D50-9966-44FB-A78C-D38D5AB20540}.Release|x64.Build.0 = Release|Any CPU
		{F5FE8D50-9966-44FB-A78C-D38D5AB20540}.Release|x86.ActiveCfg = Release|Any CPU
		{F5FE8D50-9966-44FB-A78C-D38D5AB20540}.Release|x86.Build.0 = Release|Any CPU
		{E81004CC-C873-41AF-A48D-7CD5A621BFA3}.Debug|Any CPU.ActiveCfg = Debug|Any CPU
		{E81004CC-C873-41AF-A48D-7CD5A621BFA3}.Debug|Any CPU.Build.0 = Debug|Any CPU
		{E81004CC-C873-41AF-A48D-7CD5A621BFA3}.Debug|x64.ActiveCfg = Debug|Any CPU
		{E81004CC-C873-41AF-A48D-7CD5A621BFA3}.Debug|x64.Build.0 = Debug|Any CPU
		{E81004CC-C873-41AF-A48D-7CD5A621BFA3}.Debug|x86.ActiveCfg = Debug|Any CPU
		{E81004CC-C873-41AF-A48D-7CD5A621BFA3}.Debug|x86.Build.0 = Debug|Any CPU
		{E81004CC-C873-41AF-A48D-7CD5A621BFA3}.Release|Any CPU.ActiveCfg = Release|Any CPU
		{E81004CC-C873-41AF-A48D-7CD5A621BFA3}.Release|Any CPU.Build.0 = Release|Any CPU
		{E81004CC-C873-41AF-A48D-7CD5A621BFA3}.Release|x64.ActiveCfg = Release|Any CPU
		{E81004CC-C873-41AF-A48D-7CD5A621BFA3}.Release|x64.Build.0 = Release|Any CPU
		{E81004CC-C873-41AF-A48D-7CD5A621BFA3}.Release|x86.ActiveCfg = Release|Any CPU
		{E81004CC-C873-41AF-A48D-7CD5A621BFA3}.Release|x86.Build.0 = Release|Any CPU
		{0E125AE1-8B06-4D58-9A4D-AE14EA8FF557}.Debug|Any CPU.ActiveCfg = Debug|Any CPU
		{0E125AE1-8B06-4D58-9A4D-AE14EA8FF557}.Debug|Any CPU.Build.0 = Debug|Any CPU
		{0E125AE1-8B06-4D58-9A4D-AE14EA8FF557}.Debug|x64.ActiveCfg = Debug|Any CPU
		{0E125AE1-8B06-4D58-9A4D-AE14EA8FF557}.Debug|x64.Build.0 = Debug|Any CPU
		{0E125AE1-8B06-4D58-9A4D-AE14EA8FF557}.Debug|x86.ActiveCfg = Debug|Any CPU
		{0E125AE1-8B06-4D58-9A4D-AE14EA8FF557}.Debug|x86.Build.0 = Debug|Any CPU
		{0E125AE1-8B06-4D58-9A4D-AE14EA8FF557}.Release|Any CPU.ActiveCfg = Release|Any CPU
		{0E125AE1-8B06-4D58-9A4D-AE14EA8FF557}.Release|Any CPU.Build.0 = Release|Any CPU
		{0E125AE1-8B06-4D58-9A4D-AE14EA8FF557}.Release|x64.ActiveCfg = Release|Any CPU
		{0E125AE1-8B06-4D58-9A4D-AE14EA8FF557}.Release|x64.Build.0 = Release|Any CPU
		{0E125AE1-8B06-4D58-9A4D-AE14EA8FF557}.Release|x86.ActiveCfg = Release|Any CPU
		{0E125AE1-8B06-4D58-9A4D-AE14EA8FF557}.Release|x86.Build.0 = Release|Any CPU
		{B9731AAB-7B9C-43FB-951E-2CEAA92F2F52}.Debug|Any CPU.ActiveCfg = Debug|Any CPU
		{B9731AAB-7B9C-43FB-951E-2CEAA92F2F52}.Debug|Any CPU.Build.0 = Debug|Any CPU
		{B9731AAB-7B9C-43FB-951E-2CEAA92F2F52}.Debug|x64.ActiveCfg = Debug|Any CPU
		{B9731AAB-7B9C-43FB-951E-2CEAA92F2F52}.Debug|x64.Build.0 = Debug|Any CPU
		{B9731AAB-7B9C-43FB-951E-2CEAA92F2F52}.Debug|x86.ActiveCfg = Debug|Any CPU
		{B9731AAB-7B9C-43FB-951E-2CEAA92F2F52}.Debug|x86.Build.0 = Debug|Any CPU
		{B9731AAB-7B9C-43FB-951E-2CEAA92F2F52}.Release|Any CPU.ActiveCfg = Release|Any CPU
		{B9731AAB-7B9C-43FB-951E-2CEAA92F2F52}.Release|Any CPU.Build.0 = Release|Any CPU
		{B9731AAB-7B9C-43FB-951E-2CEAA92F2F52}.Release|x64.ActiveCfg = Release|Any CPU
		{B9731AAB-7B9C-43FB-951E-2CEAA92F2F52}.Release|x64.Build.0 = Release|Any CPU
		{B9731AAB-7B9C-43FB-951E-2CEAA92F2F52}.Release|x86.ActiveCfg = Release|Any CPU
		{B9731AAB-7B9C-43FB-951E-2CEAA92F2F52}.Release|x86.Build.0 = Release|Any CPU
		{0A8DB73D-29A0-4C5A-B4DE-5B7911027CC0}.Debug|Any CPU.ActiveCfg = Debug|Any CPU
		{0A8DB73D-29A0-4C5A-B4DE-5B7911027CC0}.Debug|Any CPU.Build.0 = Debug|Any CPU
		{0A8DB73D-29A0-4C5A-B4DE-5B7911027CC0}.Debug|x64.ActiveCfg = Debug|Any CPU
		{0A8DB73D-29A0-4C5A-B4DE-5B7911027CC0}.Debug|x64.Build.0 = Debug|Any CPU
		{0A8DB73D-29A0-4C5A-B4DE-5B7911027CC0}.Debug|x86.ActiveCfg = Debug|Any CPU
		{0A8DB73D-29A0-4C5A-B4DE-5B7911027CC0}.Debug|x86.Build.0 = Debug|Any CPU
		{0A8DB73D-29A0-4C5A-B4DE-5B7911027CC0}.Release|Any CPU.ActiveCfg = Release|Any CPU
		{0A8DB73D-29A0-4C5A-B4DE-5B7911027CC0}.Release|Any CPU.Build.0 = Release|Any CPU
		{0A8DB73D-29A0-4C5A-B4DE-5B7911027CC0}.Release|x64.ActiveCfg = Release|Any CPU
		{0A8DB73D-29A0-4C5A-B4DE-5B7911027CC0}.Release|x64.Build.0 = Release|Any CPU
		{0A8DB73D-29A0-4C5A-B4DE-5B7911027CC0}.Release|x86.ActiveCfg = Release|Any CPU
		{0A8DB73D-29A0-4C5A-B4DE-5B7911027CC0}.Release|x86.Build.0 = Release|Any CPU
		{820CE5C6-B21D-45BD-90D9-BF7EBE60D5D9}.Debug|Any CPU.ActiveCfg = Debug|Any CPU
		{820CE5C6-B21D-45BD-90D9-BF7EBE60D5D9}.Debug|Any CPU.Build.0 = Debug|Any CPU
		{820CE5C6-B21D-45BD-90D9-BF7EBE60D5D9}.Debug|x64.ActiveCfg = Debug|Any CPU
		{820CE5C6-B21D-45BD-90D9-BF7EBE60D5D9}.Debug|x64.Build.0 = Debug|Any CPU
		{820CE5C6-B21D-45BD-90D9-BF7EBE60D5D9}.Debug|x86.ActiveCfg = Debug|Any CPU
		{820CE5C6-B21D-45BD-90D9-BF7EBE60D5D9}.Debug|x86.Build.0 = Debug|Any CPU
		{820CE5C6-B21D-45BD-90D9-BF7EBE60D5D9}.Release|Any CPU.ActiveCfg = Release|Any CPU
		{820CE5C6-B21D-45BD-90D9-BF7EBE60D5D9}.Release|Any CPU.Build.0 = Release|Any CPU
		{820CE5C6-B21D-45BD-90D9-BF7EBE60D5D9}.Release|x64.ActiveCfg = Release|Any CPU
		{820CE5C6-B21D-45BD-90D9-BF7EBE60D5D9}.Release|x64.Build.0 = Release|Any CPU
		{820CE5C6-B21D-45BD-90D9-BF7EBE60D5D9}.Release|x86.ActiveCfg = Release|Any CPU
		{820CE5C6-B21D-45BD-90D9-BF7EBE60D5D9}.Release|x86.Build.0 = Release|Any CPU
		{85FADA00-39EB-4A39-BE04-E203702B7226}.Debug|Any CPU.ActiveCfg = Debug|Any CPU
		{85FADA00-39EB-4A39-BE04-E203702B7226}.Debug|Any CPU.Build.0 = Debug|Any CPU
		{85FADA00-39EB-4A39-BE04-E203702B7226}.Debug|x64.ActiveCfg = Debug|Any CPU
		{85FADA00-39EB-4A39-BE04-E203702B7226}.Debug|x64.Build.0 = Debug|Any CPU
		{85FADA00-39EB-4A39-BE04-E203702B7226}.Debug|x86.ActiveCfg = Debug|Any CPU
		{85FADA00-39EB-4A39-BE04-E203702B7226}.Debug|x86.Build.0 = Debug|Any CPU
		{85FADA00-39EB-4A39-BE04-E203702B7226}.Release|Any CPU.ActiveCfg = Release|Any CPU
		{85FADA00-39EB-4A39-BE04-E203702B7226}.Release|Any CPU.Build.0 = Release|Any CPU
		{85FADA00-39EB-4A39-BE04-E203702B7226}.Release|x64.ActiveCfg = Release|Any CPU
		{85FADA00-39EB-4A39-BE04-E203702B7226}.Release|x64.Build.0 = Release|Any CPU
		{85FADA00-39EB-4A39-BE04-E203702B7226}.Release|x86.ActiveCfg = Release|Any CPU
		{85FADA00-39EB-4A39-BE04-E203702B7226}.Release|x86.Build.0 = Release|Any CPU
		{30C8B0E9-62FE-4527-AE7E-7FC6DBAFE79E}.Debug|Any CPU.ActiveCfg = Debug|Any CPU
		{30C8B0E9-62FE-4527-AE7E-7FC6DBAFE79E}.Debug|Any CPU.Build.0 = Debug|Any CPU
		{30C8B0E9-62FE-4527-AE7E-7FC6DBAFE79E}.Debug|x64.ActiveCfg = Debug|Any CPU
		{30C8B0E9-62FE-4527-AE7E-7FC6DBAFE79E}.Debug|x64.Build.0 = Debug|Any CPU
		{30C8B0E9-62FE-4527-AE7E-7FC6DBAFE79E}.Debug|x86.ActiveCfg = Debug|Any CPU
		{30C8B0E9-62FE-4527-AE7E-7FC6DBAFE79E}.Debug|x86.Build.0 = Debug|Any CPU
		{30C8B0E9-62FE-4527-AE7E-7FC6DBAFE79E}.Release|Any CPU.ActiveCfg = Release|Any CPU
		{30C8B0E9-62FE-4527-AE7E-7FC6DBAFE79E}.Release|Any CPU.Build.0 = Release|Any CPU
		{30C8B0E9-62FE-4527-AE7E-7FC6DBAFE79E}.Release|x64.ActiveCfg = Release|Any CPU
		{30C8B0E9-62FE-4527-AE7E-7FC6DBAFE79E}.Release|x64.Build.0 = Release|Any CPU
		{30C8B0E9-62FE-4527-AE7E-7FC6DBAFE79E}.Release|x86.ActiveCfg = Release|Any CPU
		{30C8B0E9-62FE-4527-AE7E-7FC6DBAFE79E}.Release|x86.Build.0 = Release|Any CPU
		{2E781CA3-1010-4A71-86BD-7E7F7F22578F}.Debug|Any CPU.ActiveCfg = Debug|Any CPU
		{2E781CA3-1010-4A71-86BD-7E7F7F22578F}.Debug|Any CPU.Build.0 = Debug|Any CPU
		{2E781CA3-1010-4A71-86BD-7E7F7F22578F}.Debug|x64.ActiveCfg = Debug|Any CPU
		{2E781CA3-1010-4A71-86BD-7E7F7F22578F}.Debug|x64.Build.0 = Debug|Any CPU
		{2E781CA3-1010-4A71-86BD-7E7F7F22578F}.Debug|x86.ActiveCfg = Debug|Any CPU
		{2E781CA3-1010-4A71-86BD-7E7F7F22578F}.Debug|x86.Build.0 = Debug|Any CPU
		{2E781CA3-1010-4A71-86BD-7E7F7F22578F}.Release|Any CPU.ActiveCfg = Release|Any CPU
		{2E781CA3-1010-4A71-86BD-7E7F7F22578F}.Release|Any CPU.Build.0 = Release|Any CPU
		{2E781CA3-1010-4A71-86BD-7E7F7F22578F}.Release|x64.ActiveCfg = Release|Any CPU
		{2E781CA3-1010-4A71-86BD-7E7F7F22578F}.Release|x64.Build.0 = Release|Any CPU
		{2E781CA3-1010-4A71-86BD-7E7F7F22578F}.Release|x86.ActiveCfg = Release|Any CPU
		{2E781CA3-1010-4A71-86BD-7E7F7F22578F}.Release|x86.Build.0 = Release|Any CPU
		{6BFE8D7A-0EDC-4586-A074-D6C7551B0747}.Debug|Any CPU.ActiveCfg = Debug|Any CPU
		{6BFE8D7A-0EDC-4586-A074-D6C7551B0747}.Debug|Any CPU.Build.0 = Debug|Any CPU
		{6BFE8D7A-0EDC-4586-A074-D6C7551B0747}.Debug|x64.ActiveCfg = Debug|Any CPU
		{6BFE8D7A-0EDC-4586-A074-D6C7551B0747}.Debug|x64.Build.0 = Debug|Any CPU
		{6BFE8D7A-0EDC-4586-A074-D6C7551B0747}.Debug|x86.ActiveCfg = Debug|Any CPU
		{6BFE8D7A-0EDC-4586-A074-D6C7551B0747}.Debug|x86.Build.0 = Debug|Any CPU
		{6BFE8D7A-0EDC-4586-A074-D6C7551B0747}.Release|Any CPU.ActiveCfg = Release|Any CPU
		{6BFE8D7A-0EDC-4586-A074-D6C7551B0747}.Release|Any CPU.Build.0 = Release|Any CPU
		{6BFE8D7A-0EDC-4586-A074-D6C7551B0747}.Release|x64.ActiveCfg = Release|Any CPU
		{6BFE8D7A-0EDC-4586-A074-D6C7551B0747}.Release|x64.Build.0 = Release|Any CPU
		{6BFE8D7A-0EDC-4586-A074-D6C7551B0747}.Release|x86.ActiveCfg = Release|Any CPU
		{6BFE8D7A-0EDC-4586-A074-D6C7551B0747}.Release|x86.Build.0 = Release|Any CPU
		{24F974C1-F7A1-411E-896D-E172D8D75C56}.Debug|Any CPU.ActiveCfg = Debug|Any CPU
		{24F974C1-F7A1-411E-896D-E172D8D75C56}.Debug|Any CPU.Build.0 = Debug|Any CPU
		{24F974C1-F7A1-411E-896D-E172D8D75C56}.Debug|x64.ActiveCfg = Debug|Any CPU
		{24F974C1-F7A1-411E-896D-E172D8D75C56}.Debug|x64.Build.0 = Debug|Any CPU
		{24F974C1-F7A1-411E-896D-E172D8D75C56}.Debug|x86.ActiveCfg = Debug|Any CPU
		{24F974C1-F7A1-411E-896D-E172D8D75C56}.Debug|x86.Build.0 = Debug|Any CPU
		{24F974C1-F7A1-411E-896D-E172D8D75C56}.Release|Any CPU.ActiveCfg = Release|Any CPU
		{24F974C1-F7A1-411E-896D-E172D8D75C56}.Release|Any CPU.Build.0 = Release|Any CPU
		{24F974C1-F7A1-411E-896D-E172D8D75C56}.Release|x64.ActiveCfg = Release|Any CPU
		{24F974C1-F7A1-411E-896D-E172D8D75C56}.Release|x64.Build.0 = Release|Any CPU
		{24F974C1-F7A1-411E-896D-E172D8D75C56}.Release|x86.ActiveCfg = Release|Any CPU
		{24F974C1-F7A1-411E-896D-E172D8D75C56}.Release|x86.Build.0 = Release|Any CPU
		{C9EF3ADF-7255-41C1-AE98-A608340F327C}.Debug|Any CPU.ActiveCfg = Debug|Any CPU
		{C9EF3ADF-7255-41C1-AE98-A608340F327C}.Debug|Any CPU.Build.0 = Debug|Any CPU
		{C9EF3ADF-7255-41C1-AE98-A608340F327C}.Debug|x64.ActiveCfg = Debug|Any CPU
		{C9EF3ADF-7255-41C1-AE98-A608340F327C}.Debug|x64.Build.0 = Debug|Any CPU
		{C9EF3ADF-7255-41C1-AE98-A608340F327C}.Debug|x86.ActiveCfg = Debug|Any CPU
		{C9EF3ADF-7255-41C1-AE98-A608340F327C}.Debug|x86.Build.0 = Debug|Any CPU
		{C9EF3ADF-7255-41C1-AE98-A608340F327C}.Release|Any CPU.ActiveCfg = Release|Any CPU
		{C9EF3ADF-7255-41C1-AE98-A608340F327C}.Release|Any CPU.Build.0 = Release|Any CPU
		{C9EF3ADF-7255-41C1-AE98-A608340F327C}.Release|x64.ActiveCfg = Release|Any CPU
		{C9EF3ADF-7255-41C1-AE98-A608340F327C}.Release|x64.Build.0 = Release|Any CPU
		{C9EF3ADF-7255-41C1-AE98-A608340F327C}.Release|x86.ActiveCfg = Release|Any CPU
		{C9EF3ADF-7255-41C1-AE98-A608340F327C}.Release|x86.Build.0 = Release|Any CPU
		{BF98C870-C4CD-4702-B780-C02207F68DFB}.Debug|Any CPU.ActiveCfg = Debug|Any CPU
		{BF98C870-C4CD-4702-B780-C02207F68DFB}.Debug|Any CPU.Build.0 = Debug|Any CPU
		{BF98C870-C4CD-4702-B780-C02207F68DFB}.Debug|x64.ActiveCfg = Debug|Any CPU
		{BF98C870-C4CD-4702-B780-C02207F68DFB}.Debug|x64.Build.0 = Debug|Any CPU
		{BF98C870-C4CD-4702-B780-C02207F68DFB}.Debug|x86.ActiveCfg = Debug|Any CPU
		{BF98C870-C4CD-4702-B780-C02207F68DFB}.Debug|x86.Build.0 = Debug|Any CPU
		{BF98C870-C4CD-4702-B780-C02207F68DFB}.Release|Any CPU.ActiveCfg = Release|Any CPU
		{BF98C870-C4CD-4702-B780-C02207F68DFB}.Release|Any CPU.Build.0 = Release|Any CPU
		{BF98C870-C4CD-4702-B780-C02207F68DFB}.Release|x64.ActiveCfg = Release|Any CPU
		{BF98C870-C4CD-4702-B780-C02207F68DFB}.Release|x64.Build.0 = Release|Any CPU
		{BF98C870-C4CD-4702-B780-C02207F68DFB}.Release|x86.ActiveCfg = Release|Any CPU
		{BF98C870-C4CD-4702-B780-C02207F68DFB}.Release|x86.Build.0 = Release|Any CPU
		{C45F080D-2D19-446C-9B70-267D83ABC5E2}.Debug|Any CPU.ActiveCfg = Debug|Any CPU
		{C45F080D-2D19-446C-9B70-267D83ABC5E2}.Debug|Any CPU.Build.0 = Debug|Any CPU
		{C45F080D-2D19-446C-9B70-267D83ABC5E2}.Debug|x64.ActiveCfg = Debug|Any CPU
		{C45F080D-2D19-446C-9B70-267D83ABC5E2}.Debug|x64.Build.0 = Debug|Any CPU
		{C45F080D-2D19-446C-9B70-267D83ABC5E2}.Debug|x86.ActiveCfg = Debug|Any CPU
		{C45F080D-2D19-446C-9B70-267D83ABC5E2}.Debug|x86.Build.0 = Debug|Any CPU
		{C45F080D-2D19-446C-9B70-267D83ABC5E2}.Release|Any CPU.ActiveCfg = Release|Any CPU
		{C45F080D-2D19-446C-9B70-267D83ABC5E2}.Release|Any CPU.Build.0 = Release|Any CPU
		{C45F080D-2D19-446C-9B70-267D83ABC5E2}.Release|x64.ActiveCfg = Release|Any CPU
		{C45F080D-2D19-446C-9B70-267D83ABC5E2}.Release|x64.Build.0 = Release|Any CPU
		{C45F080D-2D19-446C-9B70-267D83ABC5E2}.Release|x86.ActiveCfg = Release|Any CPU
		{C45F080D-2D19-446C-9B70-267D83ABC5E2}.Release|x86.Build.0 = Release|Any CPU
		{27D64183-085D-4B96-9024-90EE075B8EDD}.Debug|Any CPU.ActiveCfg = Debug|Any CPU
		{27D64183-085D-4B96-9024-90EE075B8EDD}.Debug|Any CPU.Build.0 = Debug|Any CPU
		{27D64183-085D-4B96-9024-90EE075B8EDD}.Debug|x64.ActiveCfg = Debug|Any CPU
		{27D64183-085D-4B96-9024-90EE075B8EDD}.Debug|x64.Build.0 = Debug|Any CPU
		{27D64183-085D-4B96-9024-90EE075B8EDD}.Debug|x86.ActiveCfg = Debug|Any CPU
		{27D64183-085D-4B96-9024-90EE075B8EDD}.Debug|x86.Build.0 = Debug|Any CPU
		{27D64183-085D-4B96-9024-90EE075B8EDD}.Release|Any CPU.ActiveCfg = Release|Any CPU
		{27D64183-085D-4B96-9024-90EE075B8EDD}.Release|Any CPU.Build.0 = Release|Any CPU
		{27D64183-085D-4B96-9024-90EE075B8EDD}.Release|x64.ActiveCfg = Release|Any CPU
		{27D64183-085D-4B96-9024-90EE075B8EDD}.Release|x64.Build.0 = Release|Any CPU
		{27D64183-085D-4B96-9024-90EE075B8EDD}.Release|x86.ActiveCfg = Release|Any CPU
		{27D64183-085D-4B96-9024-90EE075B8EDD}.Release|x86.Build.0 = Release|Any CPU
		{C5A1A36A-C5F0-49A9-9D10-6F591B7E5960}.Debug|Any CPU.ActiveCfg = Debug|Any CPU
		{C5A1A36A-C5F0-49A9-9D10-6F591B7E5960}.Debug|Any CPU.Build.0 = Debug|Any CPU
		{C5A1A36A-C5F0-49A9-9D10-6F591B7E5960}.Debug|x64.ActiveCfg = Debug|Any CPU
		{C5A1A36A-C5F0-49A9-9D10-6F591B7E5960}.Debug|x64.Build.0 = Debug|Any CPU
		{C5A1A36A-C5F0-49A9-9D10-6F591B7E5960}.Debug|x86.ActiveCfg = Debug|Any CPU
		{C5A1A36A-C5F0-49A9-9D10-6F591B7E5960}.Debug|x86.Build.0 = Debug|Any CPU
		{C5A1A36A-C5F0-49A9-9D10-6F591B7E5960}.Release|Any CPU.ActiveCfg = Release|Any CPU
		{C5A1A36A-C5F0-49A9-9D10-6F591B7E5960}.Release|Any CPU.Build.0 = Release|Any CPU
		{C5A1A36A-C5F0-49A9-9D10-6F591B7E5960}.Release|x64.ActiveCfg = Release|Any CPU
		{C5A1A36A-C5F0-49A9-9D10-6F591B7E5960}.Release|x64.Build.0 = Release|Any CPU
		{C5A1A36A-C5F0-49A9-9D10-6F591B7E5960}.Release|x86.ActiveCfg = Release|Any CPU
		{C5A1A36A-C5F0-49A9-9D10-6F591B7E5960}.Release|x86.Build.0 = Release|Any CPU
	EndGlobalSection
	GlobalSection(SolutionProperties) = preSolution
		HideSolutionNode = FALSE
	EndGlobalSection
	GlobalSection(NestedProjects) = preSolution
		{36D40498-43C8-4C93-A078-8AB9B24DA392} = {2BFB6A32-9EE4-4657-B606-9FD63833D39B}
		{60C0F3EF-AF8E-4C40-87B4-F6C18F2CC78C} = {2BFB6A32-9EE4-4657-B606-9FD63833D39B}
		{7C0F74D4-114C-44F6-B232-EBBF6256E24A} = {2BFB6A32-9EE4-4657-B606-9FD63833D39B}
		{F5FE8D50-9966-44FB-A78C-D38D5AB20540} = {2BFB6A32-9EE4-4657-B606-9FD63833D39B}
		{E81004CC-C873-41AF-A48D-7CD5A621BFA3} = {2BFB6A32-9EE4-4657-B606-9FD63833D39B}
		{0E125AE1-8B06-4D58-9A4D-AE14EA8FF557} = {A1CD4C66-7E22-42DD-A7C3-CE9610F6EE5C}
		{B9731AAB-7B9C-43FB-951E-2CEAA92F2F52} = {A1CD4C66-7E22-42DD-A7C3-CE9610F6EE5C}
		{820CE5C6-B21D-45BD-90D9-BF7EBE60D5D9} = {A1CD4C66-7E22-42DD-A7C3-CE9610F6EE5C}
		{85FADA00-39EB-4A39-BE04-E203702B7226} = {A1CD4C66-7E22-42DD-A7C3-CE9610F6EE5C}
		{30C8B0E9-62FE-4527-AE7E-7FC6DBAFE79E} = {A1CD4C66-7E22-42DD-A7C3-CE9610F6EE5C}
		{2E781CA3-1010-4A71-86BD-7E7F7F22578F} = {741F1810-A171-4274-907E-77ED8F7C77FA}
		{6BFE8D7A-0EDC-4586-A074-D6C7551B0747} = {741F1810-A171-4274-907E-77ED8F7C77FA}
		{24F974C1-F7A1-411E-896D-E172D8D75C56} = {42C06EBE-57FD-8FA9-20DB-66D534E85493}
		{C9EF3ADF-7255-41C1-AE98-A608340F327C} = {42C06EBE-57FD-8FA9-20DB-66D534E85493}
		{BF98C870-C4CD-4702-B780-C02207F68DFB} = {42C06EBE-57FD-8FA9-20DB-66D534E85493}
		{C45F080D-2D19-446C-9B70-267D83ABC5E2} = {42C06EBE-57FD-8FA9-20DB-66D534E85493}
		{27D64183-085D-4B96-9024-90EE075B8EDD} = {42C06EBE-57FD-8FA9-20DB-66D534E85493}
		{C5A1A36A-C5F0-49A9-9D10-6F591B7E5960} = {42C06EBE-57FD-8FA9-20DB-66D534E85493}
	EndGlobalSection
EndGlobal
