
Microsoft Visual Studio Solution File, Format Version 12.00
# Visual Studio Version 17
VisualStudioVersion = 17.0.31903.59
MinimumVisualStudioVersion = 10.0.40219.1
Project("{FAE04EC0-301F-11D3-BF4B-00C04F79EFBC}") = "MathElementary", "MathElementary\MathElementary.csproj", "{69F91800-6378-4020-901E-05543498723D}"
EndProject
Project("{FAE04EC0-301F-11D3-BF4B-00C04F79EFBC}") = "MathElementary.Test", "MathElementary.Test\MathElementary.Test.csproj", "{ACF1A4C8-8DF6-4D59-AE4D-79B3EE111159}"
EndProject
Global
	GlobalSection(SolutionConfigurationPlatforms) = preSolution
		Debug|Any CPU = Debug|Any CPU
		Release|Any CPU = Release|Any CPU
	EndGlobalSection
	GlobalSection(SolutionProperties) = preSolution
		HideSolutionNode = FALSE
	EndGlobalSection
	GlobalSection(ProjectConfigurationPlatforms) = postSolution
		{69F91800-6378-4020-901E-05543498723D}.Debug|Any CPU.ActiveCfg = Debug|Any CPU
		{69F91800-6378-4020-901E-05543498723D}.Debug|Any CPU.Build.0 = Debug|Any CPU
		{69F91800-6378-4020-901E-05543498723D}.Release|Any CPU.ActiveCfg = Release|Any CPU
		{69F91800-6378-4020-901E-05543498723D}.Release|Any CPU.Build.0 = Release|Any CPU
		{ACF1A4C8-8DF6-4D59-AE4D-79B3EE111159}.Debug|Any CPU.ActiveCfg = Debug|Any CPU
		{ACF1A4C8-8DF6-4D59-AE4D-79B3EE111159}.Debug|Any CPU.Build.0 = Debug|Any CPU
		{ACF1A4C8-8DF6-4D59-AE4D-79B3EE111159}.Release|Any CPU.ActiveCfg = Release|Any CPU
		{ACF1A4C8-8DF6-4D59-AE4D-79B3EE111159}.Release|Any CPU.Build.0 = Release|Any CPU
	EndGlobalSection
EndGlobal
